// !$*UTF8*$!
{
	archiveVersion = 1;
	classes = {
	};
	objectVersion = 56;
	objects = {

/* Begin PBXBuildFile section */
		241948E62CFA5AA6009CB1D8 /* Loot_RushApp.swift in Sources */ = {isa = PBXBuildFile; fileRef = 241948E52CFA5AA6009CB1D8 /* Loot_RushApp.swift */; };
		241948E82CFA5AA6009CB1D8 /* HomeView.swift in Sources */ = {isa = PBXBuildFile; fileRef = 241948E72CFA5AA6009CB1D8 /* HomeView.swift */; };
		241948EA2CFA5AA9009CB1D8 /* Assets.xcassets in Resources */ = {isa = PBXBuildFile; fileRef = 241948E92CFA5AA9009CB1D8 /* Assets.xcassets */; };
		241948ED2CFA5AA9009CB1D8 /* Preview Assets.xcassets in Resources */ = {isa = PBXBuildFile; fileRef = 241948EC2CFA5AA9009CB1D8 /* Preview Assets.xcassets */; };
		241948F72CFA5C41009CB1D8 /* Picture.swift in Sources */ = {isa = PBXBuildFile; fileRef = 241948F62CFA5C41009CB1D8 /* Picture.swift */; };
		241948FB2CFA5C6F009CB1D8 /* RushView.swift in Sources */ = {isa = PBXBuildFile; fileRef = 241948FA2CFA5C6F009CB1D8 /* RushView.swift */; };
		241948FD2CFA5C81009CB1D8 /* LootView.swift in Sources */ = {isa = PBXBuildFile; fileRef = 241948FC2CFA5C81009CB1D8 /* LootView.swift */; };
		241948FF2CFA5EE1009CB1D8 /* CollectionView.swift in Sources */ = {isa = PBXBuildFile; fileRef = 241948FE2CFA5EE1009CB1D8 /* CollectionView.swift */; };
		241949012CFA5EEE009CB1D8 /* PictureView.swift in Sources */ = {isa = PBXBuildFile; fileRef = 241949002CFA5EEE009CB1D8 /* PictureView.swift */; };
		241949032CFB9658009CB1D8 /* LootViewModel.swift in Sources */ = {isa = PBXBuildFile; fileRef = 241949022CFB9658009CB1D8 /* LootViewModel.swift */; };
		241949072CFBE8C3009CB1D8 /* RushViewModel.swift in Sources */ = {isa = PBXBuildFile; fileRef = 241949062CFBE8C3009CB1D8 /* RushViewModel.swift */; };
/* End PBXBuildFile section */

/* Begin PBXFileReference section */
		241948E22CFA5AA6009CB1D8 /* Loot_Rush.app */ = {isa = PBXFileReference; explicitFileType = wrapper.application; includeInIndex = 0; path = Loot_Rush.app; sourceTree = BUILT_PRODUCTS_DIR; };
		241948E52CFA5AA6009CB1D8 /* Loot_RushApp.swift */ = {isa = PBXFileReference; lastKnownFileType = sourcecode.swift; path = Loot_RushApp.swift; sourceTree = "<group>"; };
		241948E72CFA5AA6009CB1D8 /* HomeView.swift */ = {isa = PBXFileReference; lastKnownFileType = sourcecode.swift; path = HomeView.swift; sourceTree = "<group>"; };
		241948E92CFA5AA9009CB1D8 /* Assets.xcassets */ = {isa = PBXFileReference; lastKnownFileType = folder.assetcatalog; path = Assets.xcassets; sourceTree = "<group>"; };
		241948EC2CFA5AA9009CB1D8 /* Preview Assets.xcassets */ = {isa = PBXFileReference; lastKnownFileType = folder.assetcatalog; path = "Preview Assets.xcassets"; sourceTree = "<group>"; };
		241948F62CFA5C41009CB1D8 /* Picture.swift */ = {isa = PBXFileReference; lastKnownFileType = sourcecode.swift; path = Picture.swift; sourceTree = "<group>"; };
		241948FA2CFA5C6F009CB1D8 /* RushView.swift */ = {isa = PBXFileReference; lastKnownFileType = sourcecode.swift; path = RushView.swift; sourceTree = "<group>"; };
		241948FC2CFA5C81009CB1D8 /* LootView.swift */ = {isa = PBXFileReference; lastKnownFileType = sourcecode.swift; path = LootView.swift; sourceTree = "<group>"; };
		241948FE2CFA5EE1009CB1D8 /* CollectionView.swift */ = {isa = PBXFileReference; lastKnownFileType = sourcecode.swift; path = CollectionView.swift; sourceTree = "<group>"; };
		241949002CFA5EEE009CB1D8 /* PictureView.swift */ = {isa = PBXFileReference; lastKnownFileType = sourcecode.swift; path = PictureView.swift; sourceTree = "<group>"; };
		241949022CFB9658009CB1D8 /* LootViewModel.swift */ = {isa = PBXFileReference; lastKnownFileType = sourcecode.swift; path = LootViewModel.swift; sourceTree = "<group>"; };
		241949062CFBE8C3009CB1D8 /* RushViewModel.swift */ = {isa = PBXFileReference; lastKnownFileType = sourcecode.swift; path = RushViewModel.swift; sourceTree = "<group>"; };
/* End PBXFileReference section */

/* Begin PBXFrameworksBuildPhase section */
		241948DF2CFA5AA6009CB1D8 /* Frameworks */ = {
			isa = PBXFrameworksBuildPhase;
			buildActionMask = 2147483647;
			files = (
			);
			runOnlyForDeploymentPostprocessing = 0;
		};
/* End PBXFrameworksBuildPhase section */

/* Begin PBXGroup section */
		241948D92CFA5AA6009CB1D8 = {
			isa = PBXGroup;
			children = (
				241948E42CFA5AA6009CB1D8 /* Loot_Rush */,
				241948E32CFA5AA6009CB1D8 /* Products */,
			);
			sourceTree = "<group>";
		};
		241948E32CFA5AA6009CB1D8 /* Products */ = {
			isa = PBXGroup;
			children = (
				241948E22CFA5AA6009CB1D8 /* Loot_Rush.app */,
			);
			name = Products;
			sourceTree = "<group>";
		};
		241948E42CFA5AA6009CB1D8 /* Loot_Rush */ = {
			isa = PBXGroup;
			children = (
				241948F42CFA5AFA009CB1D8 /* Models */,
				241948F52CFA5B02009CB1D8 /* ViewModels */,
				241948F32CFA5AED009CB1D8 /* Views */,
				241948E52CFA5AA6009CB1D8 /* Loot_RushApp.swift */,
				241948E92CFA5AA9009CB1D8 /* Assets.xcassets */,
				241948EB2CFA5AA9009CB1D8 /* Preview Content */,
			);
			path = Loot_Rush;
			sourceTree = "<group>";
		};
		241948EB2CFA5AA9009CB1D8 /* Preview Content */ = {
			isa = PBXGroup;
			children = (
				241948EC2CFA5AA9009CB1D8 /* Preview Assets.xcassets */,
			);
			path = "Preview Content";
			sourceTree = "<group>";
		};
		241948F32CFA5AED009CB1D8 /* Views */ = {
			isa = PBXGroup;
			children = (
				241948E72CFA5AA6009CB1D8 /* HomeView.swift */,
				241948FA2CFA5C6F009CB1D8 /* RushView.swift */,
				241948FC2CFA5C81009CB1D8 /* LootView.swift */,
				241948FE2CFA5EE1009CB1D8 /* CollectionView.swift */,
				241949002CFA5EEE009CB1D8 /* PictureView.swift */,
			);
			path = Views;
			sourceTree = "<group>";
		};
		241948F42CFA5AFA009CB1D8 /* Models */ = {
			isa = PBXGroup;
			children = (
				241948F62CFA5C41009CB1D8 /* Picture.swift */,
			);
			path = Models;
			sourceTree = "<group>";
		};
		241948F52CFA5B02009CB1D8 /* ViewModels */ = {
			isa = PBXGroup;
			children = (
				241949022CFB9658009CB1D8 /* LootViewModel.swift */,
				241949062CFBE8C3009CB1D8 /* RushViewModel.swift */,
			);
			path = ViewModels;
			sourceTree = "<group>";
		};
/* End PBXGroup section */

/* Begin PBXNativeTarget section */
		241948E12CFA5AA6009CB1D8 /* Loot_Rush */ = {
			isa = PBXNativeTarget;
			buildConfigurationList = 241948F02CFA5AA9009CB1D8 /* Build configuration list for PBXNativeTarget "Loot_Rush" */;
			buildPhases = (
				241948DE2CFA5AA6009CB1D8 /* Sources */,
				241948DF2CFA5AA6009CB1D8 /* Frameworks */,
				241948E02CFA5AA6009CB1D8 /* Resources */,
			);
			buildRules = (
			);
			dependencies = (
			);
			name = Loot_Rush;
			productName = Loot_Rush;
			productReference = 241948E22CFA5AA6009CB1D8 /* Loot_Rush.app */;
			productType = "com.apple.product-type.application";
		};
/* End PBXNativeTarget section */

/* Begin PBXProject section */
		241948DA2CFA5AA6009CB1D8 /* Project object */ = {
			isa = PBXProject;
			attributes = {
				BuildIndependentTargetsInParallel = 1;
				LastSwiftUpdateCheck = 1520;
				LastUpgradeCheck = 1520;
				TargetAttributes = {
					241948E12CFA5AA6009CB1D8 = {
						CreatedOnToolsVersion = 15.2;
					};
				};
			};
			buildConfigurationList = 241948DD2CFA5AA6009CB1D8 /* Build configuration list for PBXProject "Loot_Rush" */;
			compatibilityVersion = "Xcode 14.0";
			developmentRegion = en;
			hasScannedForEncodings = 0;
			knownRegions = (
				en,
				Base,
			);
			mainGroup = 241948D92CFA5AA6009CB1D8;
			productRefGroup = 241948E32CFA5AA6009CB1D8 /* Products */;
			projectDirPath = "";
			projectRoot = "";
			targets = (
				241948E12CFA5AA6009CB1D8 /* Loot_Rush */,
			);
		};
/* End PBXProject section */

/* Begin PBXResourcesBuildPhase section */
		241948E02CFA5AA6009CB1D8 /* Resources */ = {
			isa = PBXResourcesBuildPhase;
			buildActionMask = 2147483647;
			files = (
				241948ED2CFA5AA9009CB1D8 /* Preview Assets.xcassets in Resources */,
				241948EA2CFA5AA9009CB1D8 /* Assets.xcassets in Resources */,
			);
			runOnlyForDeploymentPostprocessing = 0;
		};
/* End PBXResourcesBuildPhase section */

/* Begin PBXSourcesBuildPhase section */
		241948DE2CFA5AA6009CB1D8 /* Sources */ = {
			isa = PBXSourcesBuildPhase;
			buildActionMask = 2147483647;
			files = (
				241948FD2CFA5C81009CB1D8 /* LootView.swift in Sources */,
				241948F72CFA5C41009CB1D8 /* Picture.swift in Sources */,
				241948FF2CFA5EE1009CB1D8 /* CollectionView.swift in Sources */,
				241949012CFA5EEE009CB1D8 /* PictureView.swift in Sources */,
				241948E82CFA5AA6009CB1D8 /* HomeView.swift in Sources */,
				241949032CFB9658009CB1D8 /* LootViewModel.swift in Sources */,
				241949072CFBE8C3009CB1D8 /* RushViewModel.swift in Sources */,
				241948FB2CFA5C6F009CB1D8 /* RushView.swift in Sources */,
				241948E62CFA5AA6009CB1D8 /* Loot_RushApp.swift in Sources */,
			);
			runOnlyForDeploymentPostprocessing = 0;
		};
/* End PBXSourcesBuildPhase section */

/* Begin XCBuildConfiguration section */
		241948EE2CFA5AA9009CB1D8 /* Debug */ = {
			isa = XCBuildConfiguration;
			buildSettings = {
				ALWAYS_SEARCH_USER_PATHS = NO;
				ASSETCATALOG_COMPILER_GENERATE_SWIFT_ASSET_SYMBOL_EXTENSIONS = YES;
				CLANG_ANALYZER_NONNULL = YES;
				CLANG_ANALYZER_NUMBER_OBJECT_CONVERSION = YES_AGGRESSIVE;
				CLANG_CXX_LANGUAGE_STANDARD = "gnu++20";
				CLANG_ENABLE_MODULES = YES;
				CLANG_ENABLE_OBJC_ARC = YES;
				CLANG_ENABLE_OBJC_WEAK = YES;
				CLANG_WARN_BLOCK_CAPTURE_AUTORELEASING = YES;
				CLANG_WARN_BOOL_CONVERSION = YES;
				CLANG_WARN_COMMA = YES;
				CLANG_WARN_CONSTANT_CONVERSION = YES;
				CLANG_WARN_DEPRECATED_OBJC_IMPLEMENTATIONS = YES;
				CLANG_WARN_DIRECT_OBJC_ISA_USAGE = YES_ERROR;
				CLANG_WARN_DOCUMENTATION_COMMENTS = YES;
				CLANG_WARN_EMPTY_BODY = YES;
				CLANG_WARN_ENUM_CONVERSION = YES;
				CLANG_WARN_INFINITE_RECURSION = YES;
				CLANG_WARN_INT_CONVERSION = YES;
				CLANG_WARN_NON_LITERAL_NULL_CONVERSION = YES;
				CLANG_WARN_OBJC_IMPLICIT_RETAIN_SELF = YES;
				CLANG_WARN_OBJC_LITERAL_CONVERSION = YES;
				CLANG_WARN_OBJC_ROOT_CLASS = YES_ERROR;
				CLANG_WARN_QUOTED_INCLUDE_IN_FRAMEWORK_HEADER = YES;
				CLANG_WARN_RANGE_LOOP_ANALYSIS = YES;
				CLANG_WARN_STRICT_PROTOTYPES = YES;
				CLANG_WARN_SUSPICIOUS_MOVE = YES;
				CLANG_WARN_UNGUARDED_AVAILABILITY = YES_AGGRESSIVE;
				CLANG_WARN_UNREACHABLE_CODE = YES;
				CLANG_WARN__DUPLICATE_METHOD_MATCH = YES;
				COPY_PHASE_STRIP = NO;
				DEBUG_INFORMATION_FORMAT = dwarf;
				ENABLE_STRICT_OBJC_MSGSEND = YES;
				ENABLE_TESTABILITY = YES;
				ENABLE_USER_SCRIPT_SANDBOXING = YES;
				GCC_C_LANGUAGE_STANDARD = gnu17;
				GCC_DYNAMIC_NO_PIC = NO;
				GCC_NO_COMMON_BLOCKS = YES;
				GCC_OPTIMIZATION_LEVEL = 0;
				GCC_PREPROCESSOR_DEFINITIONS = (
					"DEBUG=1",
					"$(inherited)",
				);
				GCC_WARN_64_TO_32_BIT_CONVERSION = YES;
				GCC_WARN_ABOUT_RETURN_TYPE = YES_ERROR;
				GCC_WARN_UNDECLARED_SELECTOR = YES;
				GCC_WARN_UNINITIALIZED_AUTOS = YES_AGGRESSIVE;
				GCC_WARN_UNUSED_FUNCTION = YES;
				GCC_WARN_UNUSED_VARIABLE = YES;
				IPHONEOS_DEPLOYMENT_TARGET = 17.2;
				LOCALIZATION_PREFERS_STRING_CATALOGS = YES;
				MTL_ENABLE_DEBUG_INFO = INCLUDE_SOURCE;
				MTL_FAST_MATH = YES;
				ONLY_ACTIVE_ARCH = YES;
				SDKROOT = iphoneos;
				SWIFT_ACTIVE_COMPILATION_CONDITIONS = "DEBUG $(inherited)";
				SWIFT_OPTIMIZATION_LEVEL = "-Onone";
			};
			name = Debug;
		};
		241948EF2CFA5AA9009CB1D8 /* Release */ = {
			isa = XCBuildConfiguration;
			buildSettings = {
				ALWAYS_SEARCH_USER_PATHS = NO;
				ASSETCATALOG_COMPILER_GENERATE_SWIFT_ASSET_SYMBOL_EXTENSIONS = YES;
				CLANG_ANALYZER_NONNULL = YES;
				CLANG_ANALYZER_NUMBER_OBJECT_CONVERSION = YES_AGGRESSIVE;
				CLANG_CXX_LANGUAGE_STANDARD = "gnu++20";
				CLANG_ENABLE_MODULES = YES;
				CLANG_ENABLE_OBJC_ARC = YES;
				CLANG_ENABLE_OBJC_WEAK = YES;
				CLANG_WARN_BLOCK_CAPTURE_AUTORELEASING = YES;
				CLANG_WARN_BOOL_CONVERSION = YES;
				CLANG_WARN_COMMA = YES;
				CLANG_WARN_CONSTANT_CONVERSION = YES;
				CLANG_WARN_DEPRECATED_OBJC_IMPLEMENTATIONS = YES;
				CLANG_WARN_DIRECT_OBJC_ISA_USAGE = YES_ERROR;
				CLANG_WARN_DOCUMENTATION_COMMENTS = YES;
				CLANG_WARN_EMPTY_BODY = YES;
				CLANG_WARN_ENUM_CONVERSION = YES;
				CLANG_WARN_INFINITE_RECURSION = YES;
				CLANG_WARN_INT_CONVERSION = YES;
				CLANG_WARN_NON_LITERAL_NULL_CONVERSION = YES;
				CLANG_WARN_OBJC_IMPLICIT_RETAIN_SELF = YES;
				CLANG_WARN_OBJC_LITERAL_CONVERSION = YES;
				CLANG_WARN_OBJC_ROOT_CLASS = YES_ERROR;
				CLANG_WARN_QUOTED_INCLUDE_IN_FRAMEWORK_HEADER = YES;
				CLANG_WARN_RANGE_LOOP_ANALYSIS = YES;
				CLANG_WARN_STRICT_PROTOTYPES = YES;
				CLANG_WARN_SUSPICIOUS_MOVE = YES;
				CLANG_WARN_UNGUARDED_AVAILABILITY = YES_AGGRESSIVE;
				CLANG_WARN_UNREACHABLE_CODE = YES;
				CLANG_WARN__DUPLICATE_METHOD_MATCH = YES;
				COPY_PHASE_STRIP = NO;
				DEBUG_INFORMATION_FORMAT = "dwarf-with-dsym";
				ENABLE_NS_ASSERTIONS = NO;
				ENABLE_STRICT_OBJC_MSGSEND = YES;
				ENABLE_USER_SCRIPT_SANDBOXING = YES;
				GCC_C_LANGUAGE_STANDARD = gnu17;
				GCC_NO_COMMON_BLOCKS = YES;
				GCC_WARN_64_TO_32_BIT_CONVERSION = YES;
				GCC_WARN_ABOUT_RETURN_TYPE = YES_ERROR;
				GCC_WARN_UNDECLARED_SELECTOR = YES;
				GCC_WARN_UNINITIALIZED_AUTOS = YES_AGGRESSIVE;
				GCC_WARN_UNUSED_FUNCTION = YES;
				GCC_WARN_UNUSED_VARIABLE = YES;
				IPHONEOS_DEPLOYMENT_TARGET = 17.2;
				LOCALIZATION_PREFERS_STRING_CATALOGS = YES;
				MTL_ENABLE_DEBUG_INFO = NO;
				MTL_FAST_MATH = YES;
				SDKROOT = iphoneos;
				SWIFT_COMPILATION_MODE = wholemodule;
				VALIDATE_PRODUCT = YES;
			};
			name = Release;
		};
		241948F12CFA5AA9009CB1D8 /* Debug */ = {
			isa = XCBuildConfiguration;
			buildSettings = {
				ASSETCATALOG_COMPILER_APPICON_NAME = AppIcon;
				ASSETCATALOG_COMPILER_GLOBAL_ACCENT_COLOR_NAME = AccentColor;
				CODE_SIGN_STYLE = Automatic;
				CURRENT_PROJECT_VERSION = 1;
				DEVELOPMENT_ASSET_PATHS = "\"Loot_Rush/Preview Content\"";
				DEVELOPMENT_TEAM = 3Q5W432BWV;
				ENABLE_PREVIEWS = YES;
				GENERATE_INFOPLIST_FILE = YES;
				INFOPLIST_KEY_UIApplicationSceneManifest_Generation = YES;
				INFOPLIST_KEY_UIApplicationSupportsIndirectInputEvents = YES;
				INFOPLIST_KEY_UILaunchScreen_Generation = YES;
				INFOPLIST_KEY_UISupportedInterfaceOrientations_iPad = "UIInterfaceOrientationPortrait UIInterfaceOrientationPortraitUpsideDown UIInterfaceOrientationLandscapeLeft UIInterfaceOrientationLandscapeRight";
				INFOPLIST_KEY_UISupportedInterfaceOrientations_iPhone = "UIInterfaceOrientationPortrait UIInterfaceOrientationLandscapeLeft UIInterfaceOrientationLandscapeRight";
				LD_RUNPATH_SEARCH_PATHS = (
					"$(inherited)",
					"@executable_path/Frameworks",
				);
				MARKETING_VERSION = 1.0;
				PRODUCT_BUNDLE_IDENTIFIER = "edu.sas.upenn.cis1951.Loot-Rush";
				PRODUCT_NAME = "$(TARGET_NAME)";
				SWIFT_EMIT_LOC_STRINGS = YES;
				SWIFT_VERSION = 5.0;
				TARGETED_DEVICE_FAMILY = "1,2";
			};
			name = Debug;
		};
		241948F22CFA5AA9009CB1D8 /* Release */ = {
			isa = XCBuildConfiguration;
			buildSettings = {
				ASSETCATALOG_COMPILER_APPICON_NAME = AppIcon;
				ASSETCATALOG_COMPILER_GLOBAL_ACCENT_COLOR_NAME = AccentColor;
				CODE_SIGN_STYLE = Automatic;
				CURRENT_PROJECT_VERSION = 1;
				DEVELOPMENT_ASSET_PATHS = "\"Loot_Rush/Preview Content\"";
				DEVELOPMENT_TEAM = 3Q5W432BWV;
				ENABLE_PREVIEWS = YES;
				GENERATE_INFOPLIST_FILE = YES;
				INFOPLIST_KEY_UIApplicationSceneManifest_Generation = YES;
				INFOPLIST_KEY_UIApplicationSupportsIndirectInputEvents = YES;
				INFOPLIST_KEY_UILaunchScreen_Generation = YES;
				INFOPLIST_KEY_UISupportedInterfaceOrientations_iPad = "UIInterfaceOrientationPortrait UIInterfaceOrientationPortraitUpsideDown UIInterfaceOrientationLandscapeLeft UIInterfaceOrientationLandscapeRight";
				INFOPLIST_KEY_UISupportedInterfaceOrientations_iPhone = "UIInterfaceOrientationPortrait UIInterfaceOrientationLandscapeLeft UIInterfaceOrientationLandscapeRight";
				LD_RUNPATH_SEARCH_PATHS = (
					"$(inherited)",
					"@executable_path/Frameworks",
				);
				MARKETING_VERSION = 1.0;
				PRODUCT_BUNDLE_IDENTIFIER = "edu.sas.upenn.cis1951.Loot-Rush";
				PRODUCT_NAME = "$(TARGET_NAME)";
				SWIFT_EMIT_LOC_STRINGS = YES;
				SWIFT_VERSION = 5.0;
				TARGETED_DEVICE_FAMILY = "1,2";
			};
			name = Release;
		};
/* End XCBuildConfiguration section */

/* Begin XCConfigurationList section */
		241948DD2CFA5AA6009CB1D8 /* Build configuration list for PBXProject "Loot_Rush" */ = {
			isa = XCConfigurationList;
			buildConfigurations = (
				241948EE2CFA5AA9009CB1D8 /* Debug */,
				241948EF2CFA5AA9009CB1D8 /* Release */,
			);
			defaultConfigurationIsVisible = 0;
			defaultConfigurationName = Release;
		};
		241948F02CFA5AA9009CB1D8 /* Build configuration list for PBXNativeTarget "Loot_Rush" */ = {
			isa = XCConfigurationList;
			buildConfigurations = (
				241948F12CFA5AA9009CB1D8 /* Debug */,
				241948F22CFA5AA9009CB1D8 /* Release */,
			);
			defaultConfigurationIsVisible = 0;
			defaultConfigurationName = Release;
		};
/* End XCConfigurationList section */
	};
	rootObject = 241948DA2CFA5AA6009CB1D8 /* Project object */;
}
